
Microsoft Visual Studio Solution File, Format Version 12.00
# Visual Studio Version 17
VisualStudioVersion = 17.14.36408.4 d17.14
MinimumVisualStudioVersion = 10.0.40219.1
Project("{FAE04EC0-301F-11D3-BF4B-00C04F79EFBC}") = "ApartmentManagementSystem", "ApartmentManagementSystem\ApartmentManagementSystem.csproj", "{2A85B082-F541-4376-ABE4-5068FB0548E3}"
EndProject
Global
	GlobalSection(SolutionConfigurationPlatforms) = preSolution
		Debug|Any CPU = Debug|Any CPU
		Release|Any CPU = Release|Any CPU
	EndGlobalSection
	GlobalSection(ProjectConfigurationPlatforms) = postSolution
		{2A85B082-F541-4376-ABE4-5068FB0548E3}.Debug|Any CPU.ActiveCfg = Debug|Any CPU
		{2A85B082-F541-4376-ABE4-5068FB0548E3}.Debug|Any CPU.Build.0 = Debug|Any CPU
		{2A85B082-F541-4376-ABE4-5068FB0548E3}.Release|Any CPU.ActiveCfg = Release|Any CPU
		{2A85B082-F541-4376-ABE4-5068FB0548E3}.Release|Any CPU.Build.0 = Release|Any CPU
	EndGlobalSection
	GlobalSection(SolutionProperties) = preSolution
		HideSolutionNode = FALSE
	EndGlobalSection
	GlobalSection(ExtensibilityGlobals) = postSolution
		SolutionGuid = {E37B789D-8B30-4D9A-99E2-8BB9ECC62771}
	EndGlobalSection
EndGlobal
